
Microsoft Visual Studio Solution File, Format Version 12.00
# Visual Studio Version 16
VisualStudioVersion = 16.0.29215.179
MinimumVisualStudioVersion = 10.0.40219.1
Project("{FAE04EC0-301F-11D3-BF4B-00C04F79EFBC}") = "ConsoleApp0926-1", "ConsoleApp0926-1\ConsoleApp0926-1.csproj", "{8D26F173-95DF-42BC-AA71-38A196D041AA}"
EndProject
Global
	GlobalSection(SolutionConfigurationPlatforms) = preSolution
		Debug|Any CPU = Debug|Any CPU
		Release|Any CPU = Release|Any CPU
	EndGlobalSection
	GlobalSection(ProjectConfigurationPlatforms) = postSolution
		{8D26F173-95DF-42BC-AA71-38A196D041AA}.Debug|Any CPU.ActiveCfg = Debug|Any CPU
		{8D26F173-95DF-42BC-AA71-38A196D041AA}.Debug|Any CPU.Build.0 = Debug|Any CPU
		{8D26F173-95DF-42BC-AA71-38A196D041AA}.Release|Any CPU.ActiveCfg = Release|Any CPU
		{8D26F173-95DF-42BC-AA71-38A196D041AA}.Release|Any CPU.Build.0 = Release|Any CPU
	EndGlobalSection
	GlobalSection(SolutionProperties) = preSolution
		HideSolutionNode = FALSE
	EndGlobalSection
	GlobalSection(ExtensibilityGlobals) = postSolution
		SolutionGuid = {6CA36ACA-0597-4FD3-B258-175B9E9F2231}
	EndGlobalSection
EndGlobal
